// !$*UTF8*$!
{
	archiveVersion = 1;
	classes = {
	};
	objectVersion = 51;
	objects = {

/* Begin PBXBuildFile section */
		11A83DC6247F928100BB5A54 /* Phone.m in Sources */ = {isa = PBXBuildFile; fileRef = 11A83DC5247F928100BB5A54 /* Phone.m */; };
		11A83DCA247FABA500BB5A54 /* TvCell.m in Sources */ = {isa = PBXBuildFile; fileRef = 11A83DC9247FABA500BB5A54 /* TvCell.m */; };
		11A83DCD247FAD3E00BB5A54 /* TV.m in Sources */ = {isa = PBXBuildFile; fileRef = 11A83DCC247FAD3E00BB5A54 /* TV.m */; };
		11A83DD0247FE09400BB5A54 /* Console.m in Sources */ = {isa = PBXBuildFile; fileRef = 11A83DCF247FE09400BB5A54 /* Console.m */; };
		11A83DD3247FE1AB00BB5A54 /* consoleCell.m in Sources */ = {isa = PBXBuildFile; fileRef = 11A83DD2247FE1AB00BB5A54 /* consoleCell.m */; };
		11BF50FA247D3A84006FB115 /* ViewControllerWithTables.m in Sources */ = {isa = PBXBuildFile; fileRef = 11BF50F9247D3A84006FB115 /* ViewControllerWithTables.m */; };
		11F8BEFB2475024E00CFEE4F /* AppDelegate.m in Sources */ = {isa = PBXBuildFile; fileRef = 11F8BEFA2475024E00CFEE4F /* AppDelegate.m */; };
		11F8BEFE2475024E00CFEE4F /* SceneDelegate.m in Sources */ = {isa = PBXBuildFile; fileRef = 11F8BEFD2475024E00CFEE4F /* SceneDelegate.m */; };
		11F8BF012475024E00CFEE4F /* ViewController.m in Sources */ = {isa = PBXBuildFile; fileRef = 11F8BF002475024E00CFEE4F /* ViewController.m */; };
		11F8BF042475024E00CFEE4F /* Main.storyboard in Resources */ = {isa = PBXBuildFile; fileRef = 11F8BF022475024E00CFEE4F /* Main.storyboard */; };
		11F8BF062475025000CFEE4F /* Assets.xcassets in Resources */ = {isa = PBXBuildFile; fileRef = 11F8BF052475025000CFEE4F /* Assets.xcassets */; };
		11F8BF092475025000CFEE4F /* LaunchScreen.storyboard in Resources */ = {isa = PBXBuildFile; fileRef = 11F8BF072475025000CFEE4F /* LaunchScreen.storyboard */; };
		11F8BF0C2475025000CFEE4F /* main.m in Sources */ = {isa = PBXBuildFile; fileRef = 11F8BF0B2475025000CFEE4F /* main.m */; };
		11F8BF1D24750D2D00CFEE4F /* SwtichViewContoller.m in Sources */ = {isa = PBXBuildFile; fileRef = 11F8BF1C24750D2D00CFEE4F /* SwtichViewContoller.m */; };
		11F8BF232475196A00CFEE4F /* TableViewController.m in Sources */ = {isa = PBXBuildFile; fileRef = 11F8BF222475196A00CFEE4F /* TableViewController.m */; };
		1B8F58D8049F9CDE9C8E0226 /* Pods_TestIos.framework in Frameworks */ = {isa = PBXBuildFile; fileRef = 5DA7DCDE14B61A462830CB08 /* Pods_TestIos.framework */; };
/* End PBXBuildFile section */

/* Begin PBXFileReference section */
		11A83DC4247F928100BB5A54 /* Phone.h */ = {isa = PBXFileReference; lastKnownFileType = sourcecode.c.h; path = Phone.h; sourceTree = "<group>"; };
		11A83DC5247F928100BB5A54 /* Phone.m */ = {isa = PBXFileReference; lastKnownFileType = sourcecode.c.objc; path = Phone.m; sourceTree = "<group>"; };
		11A83DC8247FABA500BB5A54 /* TvCell.h */ = {isa = PBXFileReference; lastKnownFileType = sourcecode.c.h; path = TvCell.h; sourceTree = "<group>"; };
		11A83DC9247FABA500BB5A54 /* TvCell.m */ = {isa = PBXFileReference; lastKnownFileType = sourcecode.c.objc; path = TvCell.m; sourceTree = "<group>"; };
		11A83DCB247FAD3E00BB5A54 /* TV.h */ = {isa = PBXFileReference; lastKnownFileType = sourcecode.c.h; path = TV.h; sourceTree = "<group>"; };
		11A83DCC247FAD3E00BB5A54 /* TV.m */ = {isa = PBXFileReference; lastKnownFileType = sourcecode.c.objc; path = TV.m; sourceTree = "<group>"; };
		11A83DCE247FE09400BB5A54 /* Console.h */ = {isa = PBXFileReference; lastKnownFileType = sourcecode.c.h; path = Console.h; sourceTree = "<group>"; };
		11A83DCF247FE09400BB5A54 /* Console.m */ = {isa = PBXFileReference; lastKnownFileType = sourcecode.c.objc; path = Console.m; sourceTree = "<group>"; };
		11A83DD1247FE1AB00BB5A54 /* consoleCell.h */ = {isa = PBXFileReference; lastKnownFileType = sourcecode.c.h; path = consoleCell.h; sourceTree = "<group>"; };
		11A83DD2247FE1AB00BB5A54 /* consoleCell.m */ = {isa = PBXFileReference; lastKnownFileType = sourcecode.c.objc; path = consoleCell.m; sourceTree = "<group>"; };
		11BF50F8247D3A84006FB115 /* ViewControllerWithTables.h */ = {isa = PBXFileReference; lastKnownFileType = sourcecode.c.h; path = ViewControllerWithTables.h; sourceTree = "<group>"; };
		11BF50F9247D3A84006FB115 /* ViewControllerWithTables.m */ = {isa = PBXFileReference; lastKnownFileType = sourcecode.c.objc; path = ViewControllerWithTables.m; sourceTree = "<group>"; };
		11F8BEF62475024E00CFEE4F /* TestIos.app */ = {isa = PBXFileReference; explicitFileType = wrapper.application; includeInIndex = 0; path = TestIos.app; sourceTree = BUILT_PRODUCTS_DIR; };
		11F8BEF92475024E00CFEE4F /* AppDelegate.h */ = {isa = PBXFileReference; lastKnownFileType = sourcecode.c.h; path = AppDelegate.h; sourceTree = "<group>"; };
		11F8BEFA2475024E00CFEE4F /* AppDelegate.m */ = {isa = PBXFileReference; lastKnownFileType = sourcecode.c.objc; path = AppDelegate.m; sourceTree = "<group>"; };
		11F8BEFC2475024E00CFEE4F /* SceneDelegate.h */ = {isa = PBXFileReference; lastKnownFileType = sourcecode.c.h; path = SceneDelegate.h; sourceTree = "<group>"; };
		11F8BEFD2475024E00CFEE4F /* SceneDelegate.m */ = {isa = PBXFileReference; lastKnownFileType = sourcecode.c.objc; path = SceneDelegate.m; sourceTree = "<group>"; };
		11F8BEFF2475024E00CFEE4F /* ViewController.h */ = {isa = PBXFileReference; lastKnownFileType = sourcecode.c.h; path = ViewController.h; sourceTree = "<group>"; };
		11F8BF002475024E00CFEE4F /* ViewController.m */ = {isa = PBXFileReference; lastKnownFileType = sourcecode.c.objc; path = ViewController.m; sourceTree = "<group>"; };
		11F8BF032475024E00CFEE4F /* Base */ = {isa = PBXFileReference; lastKnownFileType = file.storyboard; name = Base; path = Base.lproj/Main.storyboard; sourceTree = "<group>"; };
		11F8BF052475025000CFEE4F /* Assets.xcassets */ = {isa = PBXFileReference; lastKnownFileType = folder.assetcatalog; path = Assets.xcassets; sourceTree = "<group>"; };
		11F8BF082475025000CFEE4F /* Base */ = {isa = PBXFileReference; lastKnownFileType = file.storyboard; name = Base; path = Base.lproj/LaunchScreen.storyboard; sourceTree = "<group>"; };
		11F8BF0A2475025000CFEE4F /* Info.plist */ = {isa = PBXFileReference; lastKnownFileType = text.plist.xml; path = Info.plist; sourceTree = "<group>"; };
		11F8BF0B2475025000CFEE4F /* main.m */ = {isa = PBXFileReference; lastKnownFileType = sourcecode.c.objc; path = main.m; sourceTree = "<group>"; };
		11F8BF1B24750D2D00CFEE4F /* SwtichViewContoller.h */ = {isa = PBXFileReference; lastKnownFileType = sourcecode.c.h; path = SwtichViewContoller.h; sourceTree = "<group>"; };
		11F8BF1C24750D2D00CFEE4F /* SwtichViewContoller.m */ = {isa = PBXFileReference; lastKnownFileType = sourcecode.c.objc; path = SwtichViewContoller.m; sourceTree = "<group>"; };
		11F8BF212475196A00CFEE4F /* TableViewController.h */ = {isa = PBXFileReference; lastKnownFileType = sourcecode.c.h; path = TableViewController.h; sourceTree = "<group>"; };
		11F8BF222475196A00CFEE4F /* TableViewController.m */ = {isa = PBXFileReference; lastKnownFileType = sourcecode.c.objc; path = TableViewController.m; sourceTree = "<group>"; };
		3405F256C8C99643EFA95107 /* Pods-TestIos.debug.xcconfig */ = {isa = PBXFileReference; includeInIndex = 1; lastKnownFileType = text.xcconfig; name = "Pods-TestIos.debug.xcconfig"; path = "Target Support Files/Pods-TestIos/Pods-TestIos.debug.xcconfig"; sourceTree = "<group>"; };
		5DA7DCDE14B61A462830CB08 /* Pods_TestIos.framework */ = {isa = PBXFileReference; explicitFileType = wrapper.framework; includeInIndex = 0; path = Pods_TestIos.framework; sourceTree = BUILT_PRODUCTS_DIR; };
		EC30824EE9AB2BFBA10AF0BB /* Pods-TestIos.release.xcconfig */ = {isa = PBXFileReference; includeInIndex = 1; lastKnownFileType = text.xcconfig; name = "Pods-TestIos.release.xcconfig"; path = "Target Support Files/Pods-TestIos/Pods-TestIos.release.xcconfig"; sourceTree = "<group>"; };
/* End PBXFileReference section */

/* Begin PBXFrameworksBuildPhase section */
		11F8BEF32475024E00CFEE4F /* Frameworks */ = {
			isa = PBXFrameworksBuildPhase;
			buildActionMask = 2147483647;
			files = (
				1B8F58D8049F9CDE9C8E0226 /* Pods_TestIos.framework in Frameworks */,
			);
			runOnlyForDeploymentPostprocessing = 0;
		};
/* End PBXFrameworksBuildPhase section */

/* Begin PBXGroup section */
		0B829F1A3ED67D324CCC873C /* Frameworks */ = {
			isa = PBXGroup;
			children = (
				5DA7DCDE14B61A462830CB08 /* Pods_TestIos.framework */,
			);
			name = Frameworks;
			sourceTree = "<group>";
		};
		11A83DC3247F921C00BB5A54 /* Objects */ = {
			isa = PBXGroup;
			children = (
				11A83DC4247F928100BB5A54 /* Phone.h */,
				11A83DC5247F928100BB5A54 /* Phone.m */,
				11A83DCB247FAD3E00BB5A54 /* TV.h */,
				11A83DCC247FAD3E00BB5A54 /* TV.m */,
				11A83DCE247FE09400BB5A54 /* Console.h */,
				11A83DCF247FE09400BB5A54 /* Console.m */,
			);
			path = Objects;
			sourceTree = "<group>";
		};
		11A83DC7247FAB6100BB5A54 /* Cells */ = {
			isa = PBXGroup;
			children = (
				11A83DC8247FABA500BB5A54 /* TvCell.h */,
				11A83DC9247FABA500BB5A54 /* TvCell.m */,
				11A83DD1247FE1AB00BB5A54 /* consoleCell.h */,
				11A83DD2247FE1AB00BB5A54 /* consoleCell.m */,
			);
			path = Cells;
			sourceTree = "<group>";
		};
		11F8BEED2475024E00CFEE4F = {
			isa = PBXGroup;
			children = (
				11F8BEF82475024E00CFEE4F /* TestIos */,
				11F8BEF72475024E00CFEE4F /* Products */,
				8206884FE3F2CF983A2BBA49 /* Pods */,
				0B829F1A3ED67D324CCC873C /* Frameworks */,
			);
			sourceTree = "<group>";
		};
		11F8BEF72475024E00CFEE4F /* Products */ = {
			isa = PBXGroup;
			children = (
				11F8BEF62475024E00CFEE4F /* TestIos.app */,
			);
			name = Products;
			sourceTree = "<group>";
		};
		11F8BEF82475024E00CFEE4F /* TestIos */ = {
			isa = PBXGroup;
			children = (
				11A83DC7247FAB6100BB5A54 /* Cells */,
				11A83DC3247F921C00BB5A54 /* Objects */,
				11F8BEF92475024E00CFEE4F /* AppDelegate.h */,
				11F8BEFA2475024E00CFEE4F /* AppDelegate.m */,
				11F8BEFC2475024E00CFEE4F /* SceneDelegate.h */,
				11F8BEFD2475024E00CFEE4F /* SceneDelegate.m */,
				11F8BEFF2475024E00CFEE4F /* ViewController.h */,
				11F8BF002475024E00CFEE4F /* ViewController.m */,
				11F8BF1B24750D2D00CFEE4F /* SwtichViewContoller.h */,
				11F8BF1C24750D2D00CFEE4F /* SwtichViewContoller.m */,
				11F8BF212475196A00CFEE4F /* TableViewController.h */,
				11F8BF222475196A00CFEE4F /* TableViewController.m */,
				11F8BF022475024E00CFEE4F /* Main.storyboard */,
				11F8BF052475025000CFEE4F /* Assets.xcassets */,
				11F8BF072475025000CFEE4F /* LaunchScreen.storyboard */,
				11F8BF0A2475025000CFEE4F /* Info.plist */,
				11F8BF0B2475025000CFEE4F /* main.m */,
				11BF50F8247D3A84006FB115 /* ViewControllerWithTables.h */,
				11BF50F9247D3A84006FB115 /* ViewControllerWithTables.m */,
			);
			path = TestIos;
			sourceTree = "<group>";
		};
		8206884FE3F2CF983A2BBA49 /* Pods */ = {
			isa = PBXGroup;
			children = (
				3405F256C8C99643EFA95107 /* Pods-TestIos.debug.xcconfig */,
				EC30824EE9AB2BFBA10AF0BB /* Pods-TestIos.release.xcconfig */,
			);
			path = Pods;
			sourceTree = "<group>";
		};
/* End PBXGroup section */

/* Begin PBXNativeTarget section */
		11F8BEF52475024E00CFEE4F /* TestIos */ = {
			isa = PBXNativeTarget;
			buildConfigurationList = 11F8BF0F2475025000CFEE4F /* Build configuration list for PBXNativeTarget "TestIos" */;
			buildPhases = (
				42B885903F43FC3365960F0D /* [CP] Check Pods Manifest.lock */,
				11F8BEF22475024E00CFEE4F /* Sources */,
				11F8BEF32475024E00CFEE4F /* Frameworks */,
				11F8BEF42475024E00CFEE4F /* Resources */,
				F9417BEFBFFFBFA434543CD9 /* [CP] Embed Pods Frameworks */,
			);
			buildRules = (
			);
			dependencies = (
			);
			name = TestIos;
			productName = TestIos;
			productReference = 11F8BEF62475024E00CFEE4F /* TestIos.app */;
			productType = "com.apple.product-type.application";
		};
/* End PBXNativeTarget section */

/* Begin PBXProject section */
		11F8BEEE2475024E00CFEE4F /* Project object */ = {
			isa = PBXProject;
			attributes = {
				LastUpgradeCheck = 1130;
				ORGANIZATIONNAME = "Alexandr Mednikov";
				TargetAttributes = {
					11F8BEF52475024E00CFEE4F = {
						CreatedOnToolsVersion = 11.3.1;
						LastSwiftMigration = 1130;
					};
				};
			};
			buildConfigurationList = 11F8BEF12475024E00CFEE4F /* Build configuration list for PBXProject "TestIos" */;
			compatibilityVersion = "Xcode 9.3";
			developmentRegion = en;
			hasScannedForEncodings = 0;
			knownRegions = (
				en,
				Base,
			);
			mainGroup = 11F8BEED2475024E00CFEE4F;
			productRefGroup = 11F8BEF72475024E00CFEE4F /* Products */;
			projectDirPath = "";
			projectRoot = "";
			targets = (
				11F8BEF52475024E00CFEE4F /* TestIos */,
			);
		};
/* End PBXProject section */

/* Begin PBXResourcesBuildPhase section */
		11F8BEF42475024E00CFEE4F /* Resources */ = {
			isa = PBXResourcesBuildPhase;
			buildActionMask = 2147483647;
			files = (
				11F8BF092475025000CFEE4F /* LaunchScreen.storyboard in Resources */,
				11F8BF062475025000CFEE4F /* Assets.xcassets in Resources */,
				11F8BF042475024E00CFEE4F /* Main.storyboard in Resources */,
			);
			runOnlyForDeploymentPostprocessing = 0;
		};
/* End PBXResourcesBuildPhase section */

/* Begin PBXShellScriptBuildPhase section */
		42B885903F43FC3365960F0D /* [CP] Check Pods Manifest.lock */ = {
			isa = PBXShellScriptBuildPhase;
			buildActionMask = 2147483647;
			files = (
			);
			inputFileListPaths = (
			);
			inputPaths = (
				"${PODS_PODFILE_DIR_PATH}/Podfile.lock",
				"${PODS_ROOT}/Manifest.lock",
			);
			name = "[CP] Check Pods Manifest.lock";
			outputFileListPaths = (
			);
			outputPaths = (
				"$(DERIVED_FILE_DIR)/Pods-TestIos-checkManifestLockResult.txt",
			);
			runOnlyForDeploymentPostprocessing = 0;
			shellPath = /bin/sh;
			shellScript = "diff \"${PODS_PODFILE_DIR_PATH}/Podfile.lock\" \"${PODS_ROOT}/Manifest.lock\" > /dev/null\nif [ $? != 0 ] ; then\n    # print error to STDERR\n    echo \"error: The sandbox is not in sync with the Podfile.lock. Run 'pod install' or update your CocoaPods installation.\" >&2\n    exit 1\nfi\n# This output is used by Xcode 'outputs' to avoid re-running this script phase.\necho \"SUCCESS\" > \"${SCRIPT_OUTPUT_FILE_0}\"\n";
			showEnvVarsInLog = 0;
		};
		F9417BEFBFFFBFA434543CD9 /* [CP] Embed Pods Frameworks */ = {
			isa = PBXShellScriptBuildPhase;
			buildActionMask = 2147483647;
			files = (
			);
			inputFileListPaths = (
				"${PODS_ROOT}/Target Support Files/Pods-TestIos/Pods-TestIos-frameworks-${CONFIGURATION}-input-files.xcfilelist",
			);
			name = "[CP] Embed Pods Frameworks";
			outputFileListPaths = (
				"${PODS_ROOT}/Target Support Files/Pods-TestIos/Pods-TestIos-frameworks-${CONFIGURATION}-output-files.xcfilelist",
			);
			runOnlyForDeploymentPostprocessing = 0;
			shellPath = /bin/sh;
			shellScript = "\"${PODS_ROOT}/Target Support Files/Pods-TestIos/Pods-TestIos-frameworks.sh\"\n";
			showEnvVarsInLog = 0;
		};
/* End PBXShellScriptBuildPhase section */

/* Begin PBXSourcesBuildPhase section */
		11F8BEF22475024E00CFEE4F /* Sources */ = {
			isa = PBXSourcesBuildPhase;
			buildActionMask = 2147483647;
			files = (
				11F8BF012475024E00CFEE4F /* ViewController.m in Sources */,
				11F8BF232475196A00CFEE4F /* TableViewController.m in Sources */,
				11BF50FA247D3A84006FB115 /* ViewControllerWithTables.m in Sources */,
				11A83DD3247FE1AB00BB5A54 /* consoleCell.m in Sources */,
				11F8BEFB2475024E00CFEE4F /* AppDelegate.m in Sources */,
				11A83DC6247F928100BB5A54 /* Phone.m in Sources */,
				11F8BF0C2475025000CFEE4F /* main.m in Sources */,
				11F8BF1D24750D2D00CFEE4F /* SwtichViewContoller.m in Sources */,
				11A83DCA247FABA500BB5A54 /* TvCell.m in Sources */,
				11A83DD0247FE09400BB5A54 /* Console.m in Sources */,
				11F8BEFE2475024E00CFEE4F /* SceneDelegate.m in Sources */,
				11A83DCD247FAD3E00BB5A54 /* TV.m in Sources */,
			);
			runOnlyForDeploymentPostprocessing = 0;
		};
/* End PBXSourcesBuildPhase section */

/* Begin PBXVariantGroup section */
		11F8BF022475024E00CFEE4F /* Main.storyboard */ = {
			isa = PBXVariantGroup;
			children = (
				11F8BF032475024E00CFEE4F /* Base */,
			);
			name = Main.storyboard;
			sourceTree = "<group>";
		};
		11F8BF072475025000CFEE4F /* LaunchScreen.storyboard */ = {
			isa = PBXVariantGroup;
			children = (
				11F8BF082475025000CFEE4F /* Base */,
			);
			name = LaunchScreen.storyboard;
			sourceTree = "<group>";
		};
/* End PBXVariantGroup section */

/* Begin XCBuildConfiguration section */
		11F8BF0D2475025000CFEE4F /* Debug */ = {
			isa = XCBuildConfiguration;
			buildSettings = {
				ALWAYS_SEARCH_USER_PATHS = NO;
				CLANG_ANALYZER_NONNULL = YES;
				CLANG_ANALYZER_NUMBER_OBJECT_CONVERSION = YES_AGGRESSIVE;
				CLANG_CXX_LANGUAGE_STANDARD = "gnu++14";
				CLANG_CXX_LIBRARY = "libc++";
				CLANG_ENABLE_MODULES = YES;
				CLANG_ENABLE_OBJC_ARC = YES;
				CLANG_ENABLE_OBJC_WEAK = YES;
				CLANG_WARN_BLOCK_CAPTURE_AUTORELEASING = YES;
				CLANG_WARN_BOOL_CONVERSION = YES;
				CLANG_WARN_COMMA = YES;
				CLANG_WARN_CONSTANT_CONVERSION = YES;
				CLANG_WARN_DEPRECATED_OBJC_IMPLEMENTATIONS = YES;
				CLANG_WARN_DIRECT_OBJC_ISA_USAGE = YES_ERROR;
				CLANG_WARN_DOCUMENTATION_COMMENTS = YES;
				CLANG_WARN_EMPTY_BODY = YES;
				CLANG_WARN_ENUM_CONVERSION = YES;
				CLANG_WARN_INFINITE_RECURSION = YES;
				CLANG_WARN_INT_CONVERSION = YES;
				CLANG_WARN_NON_LITERAL_NULL_CONVERSION = YES;
				CLANG_WARN_OBJC_IMPLICIT_RETAIN_SELF = YES;
				CLANG_WARN_OBJC_LITERAL_CONVERSION = YES;
				CLANG_WARN_OBJC_ROOT_CLASS = YES_ERROR;
				CLANG_WARN_RANGE_LOOP_ANALYSIS = YES;
				CLANG_WARN_STRICT_PROTOTYPES = YES;
				CLANG_WARN_SUSPICIOUS_MOVE = YES;
				CLANG_WARN_UNGUARDED_AVAILABILITY = YES_AGGRESSIVE;
				CLANG_WARN_UNREACHABLE_CODE = YES;
				CLANG_WARN__DUPLICATE_METHOD_MATCH = YES;
				COPY_PHASE_STRIP = NO;
				DEBUG_INFORMATION_FORMAT = dwarf;
				ENABLE_STRICT_OBJC_MSGSEND = YES;
				ENABLE_TESTABILITY = YES;
				GCC_C_LANGUAGE_STANDARD = gnu11;
				GCC_DYNAMIC_NO_PIC = NO;
				GCC_NO_COMMON_BLOCKS = YES;
				GCC_OPTIMIZATION_LEVEL = 0;
				GCC_PREPROCESSOR_DEFINITIONS = (
					"DEBUG=1",
					"$(inherited)",
				);
				GCC_WARN_64_TO_32_BIT_CONVERSION = YES;
				GCC_WARN_ABOUT_RETURN_TYPE = YES_ERROR;
				GCC_WARN_UNDECLARED_SELECTOR = YES;
				GCC_WARN_UNINITIALIZED_AUTOS = YES_AGGRESSIVE;
				GCC_WARN_UNUSED_FUNCTION = YES;
				GCC_WARN_UNUSED_VARIABLE = YES;
				IPHONEOS_DEPLOYMENT_TARGET = 13.2;
				MTL_ENABLE_DEBUG_INFO = INCLUDE_SOURCE;
				MTL_FAST_MATH = YES;
				ONLY_ACTIVE_ARCH = YES;
				SDKROOT = iphoneos;
			};
			name = Debug;
		};
		11F8BF0E2475025000CFEE4F /* Release */ = {
			isa = XCBuildConfiguration;
			buildSettings = {
				ALWAYS_SEARCH_USER_PATHS = NO;
				CLANG_ANALYZER_NONNULL = YES;
				CLANG_ANALYZER_NUMBER_OBJECT_CONVERSION = YES_AGGRESSIVE;
				CLANG_CXX_LANGUAGE_STANDARD = "gnu++14";
				CLANG_CXX_LIBRARY = "libc++";
				CLANG_ENABLE_MODULES = YES;
				CLANG_ENABLE_OBJC_ARC = YES;
				CLANG_ENABLE_OBJC_WEAK = YES;
				CLANG_WARN_BLOCK_CAPTURE_AUTORELEASING = YES;
				CLANG_WARN_BOOL_CONVERSION = YES;
				CLANG_WARN_COMMA = YES;
				CLANG_WARN_CONSTANT_CONVERSION = YES;
				CLANG_WARN_DEPRECATED_OBJC_IMPLEMENTATIONS = YES;
				CLANG_WARN_DIRECT_OBJC_ISA_USAGE = YES_ERROR;
				CLANG_WARN_DOCUMENTATION_COMMENTS = YES;
				CLANG_WARN_EMPTY_BODY = YES;
				CLANG_WARN_ENUM_CONVERSION = YES;
				CLANG_WARN_INFINITE_RECURSION = YES;
				CLANG_WARN_INT_CONVERSION = YES;
				CLANG_WARN_NON_LITERAL_NULL_CONVERSION = YES;
				CLANG_WARN_OBJC_IMPLICIT_RETAIN_SELF = YES;
				CLANG_WARN_OBJC_LITERAL_CONVERSION = YES;
				CLANG_WARN_OBJC_ROOT_CLASS = YES_ERROR;
				CLANG_WARN_RANGE_LOOP_ANALYSIS = YES;
				CLANG_WARN_STRICT_PROTOTYPES = YES;
				CLANG_WARN_SUSPICIOUS_MOVE = YES;
				CLANG_WARN_UNGUARDED_AVAILABILITY = YES_AGGRESSIVE;
				CLANG_WARN_UNREACHABLE_CODE = YES;
				CLANG_WARN__DUPLICATE_METHOD_MATCH = YES;
				COPY_PHASE_STRIP = NO;
				DEBUG_INFORMATION_FORMAT = "dwarf-with-dsym";
				ENABLE_NS_ASSERTIONS = NO;
				ENABLE_STRICT_OBJC_MSGSEND = YES;
				GCC_C_LANGUAGE_STANDARD = gnu11;
				GCC_NO_COMMON_BLOCKS = YES;
				GCC_WARN_64_TO_32_BIT_CONVERSION = YES;
				GCC_WARN_ABOUT_RETURN_TYPE = YES_ERROR;
				GCC_WARN_UNDECLARED_SELECTOR = YES;
				GCC_WARN_UNINITIALIZED_AUTOS = YES_AGGRESSIVE;
				GCC_WARN_UNUSED_FUNCTION = YES;
				GCC_WARN_UNUSED_VARIABLE = YES;
				IPHONEOS_DEPLOYMENT_TARGET = 13.2;
				MTL_ENABLE_DEBUG_INFO = NO;
				MTL_FAST_MATH = YES;
				SDKROOT = iphoneos;
				VALIDATE_PRODUCT = YES;
			};
			name = Release;
		};
		11F8BF102475025000CFEE4F /* Debug */ = {
			isa = XCBuildConfiguration;
			baseConfigurationReference = 3405F256C8C99643EFA95107 /* Pods-TestIos.debug.xcconfig */;
			buildSettings = {
				ASSETCATALOG_COMPILER_APPICON_NAME = AppIcon;
				CLANG_ENABLE_MODULES = YES;
				CODE_SIGN_STYLE = Automatic;
				INFOPLIST_FILE = TestIos/Info.plist;
				LD_RUNPATH_SEARCH_PATHS = (
					"$(inherited)",
					"@executable_path/Frameworks",
				);
				PRODUCT_BUNDLE_IDENTIFIER = orgname.TestIos;
				PRODUCT_NAME = "$(TARGET_NAME)";
				SWIFT_OBJC_BRIDGING_HEADER = "TestIos/TestIos-Bridging-Header.h";
				SWIFT_OPTIMIZATION_LEVEL = "-Onone";
				SWIFT_VERSION = 5.0;
				TARGETED_DEVICE_FAMILY = "1,2";
			};
			name = Debug;
		};
		11F8BF112475025000CFEE4F /* Release */ = {
			isa = XCBuildConfiguration;
			baseConfigurationReference = EC30824EE9AB2BFBA10AF0BB /* Pods-TestIos.release.xcconfig */;
			buildSettings = {
				ASSETCATALOG_COMPILER_APPICON_NAME = AppIcon;
				CLANG_ENABLE_MODULES = YES;
				CODE_SIGN_STYLE = Automatic;
				INFOPLIST_FILE = TestIos/Info.plist;
				LD_RUNPATH_SEARCH_PATHS = (
					"$(inherited)",
					"@executable_path/Frameworks",
				);
				PRODUCT_BUNDLE_IDENTIFIER = orgname.TestIos;
				PRODUCT_NAME = "$(TARGET_NAME)";
				SWIFT_OBJC_BRIDGING_HEADER = "TestIos/TestIos-Bridging-Header.h";
				SWIFT_VERSION = 5.0;
				TARGETED_DEVICE_FAMILY = "1,2";
			};
			name = Release;
		};
/* End XCBuildConfiguration section */

/* Begin XCConfigurationList section */
		11F8BEF12475024E00CFEE4F /* Build configuration list for PBXProject "TestIos" */ = {
			isa = XCConfigurationList;
			buildConfigurations = (
				11F8BF0D2475025000CFEE4F /* Debug */,
				11F8BF0E2475025000CFEE4F /* Release */,
			);
			defaultConfigurationIsVisible = 0;
			defaultConfigurationName = Release;
		};
		11F8BF0F2475025000CFEE4F /* Build configuration list for PBXNativeTarget "TestIos" */ = {
			isa = XCConfigurationList;
			buildConfigurations = (
				11F8BF102475025000CFEE4F /* Debug */,
				11F8BF112475025000CFEE4F /* Release */,
			);
			defaultConfigurationIsVisible = 0;
			defaultConfigurationName = Release;
		};
/* End XCConfigurationList section */
	};
	rootObject = 11F8BEEE2475024E00CFEE4F /* Project object */;
}
